// !$*UTF8*$!
{
	archiveVersion = 1;
	classes = {
	};
	objectVersion = 56;
	objects = {

/* Begin PBXBuildFile section */
		E96BB9022B98A95F00589197 /* Track_Duplicate_DeleterApp.swift in Sources */ = {isa = PBXBuildFile; fileRef = E96BB9012B98A95F00589197 /* Track_Duplicate_DeleterApp.swift */; };
		E96BB9042B98A95F00589197 /* ContentView.swift in Sources */ = {isa = PBXBuildFile; fileRef = E96BB9032B98A95F00589197 /* ContentView.swift */; };
		E96BB9062B98A95F00589197 /* Item.swift in Sources */ = {isa = PBXBuildFile; fileRef = E96BB9052B98A95F00589197 /* Item.swift */; };
		E96BB9082B98A95F00589197 /* Assets.xcassets in Resources */ = {isa = PBXBuildFile; fileRef = E96BB9072B98A95F00589197 /* Assets.xcassets */; };
		E96BB90B2B98A95F00589197 /* Preview Assets.xcassets in Resources */ = {isa = PBXBuildFile; fileRef = E96BB90A2B98A95F00589197 /* Preview Assets.xcassets */; };
		E96BB9132B98AA6B00589197 /* SongMetadata.swift in Sources */ = {isa = PBXBuildFile; fileRef = E96BB9122B98AA6B00589197 /* SongMetadata.swift */; };
		E96BB9152B98AA9500589197 /* Constants.swift in Sources */ = {isa = PBXBuildFile; fileRef = E96BB9142B98AA9500589197 /* Constants.swift */; };
/* End PBXBuildFile section */

/* Begin PBXFileReference section */
		E96BB8FE2B98A95F00589197 /* Track Duplicate Deleter.app */ = {isa = PBXFileReference; explicitFileType = wrapper.application; includeInIndex = 0; path = "Track Duplicate Deleter.app"; sourceTree = BUILT_PRODUCTS_DIR; };
		E96BB9012B98A95F00589197 /* Track_Duplicate_DeleterApp.swift */ = {isa = PBXFileReference; lastKnownFileType = sourcecode.swift; path = Track_Duplicate_DeleterApp.swift; sourceTree = "<group>"; };
		E96BB9032B98A95F00589197 /* ContentView.swift */ = {isa = PBXFileReference; lastKnownFileType = sourcecode.swift; path = ContentView.swift; sourceTree = "<group>"; };
		E96BB9052B98A95F00589197 /* Item.swift */ = {isa = PBXFileReference; lastKnownFileType = sourcecode.swift; path = Item.swift; sourceTree = "<group>"; };
		E96BB9072B98A95F00589197 /* Assets.xcassets */ = {isa = PBXFileReference; lastKnownFileType = folder.assetcatalog; path = Assets.xcassets; sourceTree = "<group>"; };
		E96BB90A2B98A95F00589197 /* Preview Assets.xcassets */ = {isa = PBXFileReference; lastKnownFileType = folder.assetcatalog; path = "Preview Assets.xcassets"; sourceTree = "<group>"; };
		E96BB90C2B98A95F00589197 /* Track_Duplicate_Deleter.entitlements */ = {isa = PBXFileReference; lastKnownFileType = text.plist.entitlements; path = Track_Duplicate_Deleter.entitlements; sourceTree = "<group>"; };
		E96BB9122B98AA6B00589197 /* SongMetadata.swift */ = {isa = PBXFileReference; lastKnownFileType = sourcecode.swift; path = SongMetadata.swift; sourceTree = "<group>"; };
		E96BB9142B98AA9500589197 /* Constants.swift */ = {isa = PBXFileReference; lastKnownFileType = sourcecode.swift; path = Constants.swift; sourceTree = "<group>"; };
/* End PBXFileReference section */

/* Begin PBXFrameworksBuildPhase section */
		E96BB8FB2B98A95F00589197 /* Frameworks */ = {
			isa = PBXFrameworksBuildPhase;
			buildActionMask = 2147483647;
			files = (
			);
			runOnlyForDeploymentPostprocessing = 0;
		};
/* End PBXFrameworksBuildPhase section */

/* Begin PBXGroup section */
		E96BB8F52B98A95E00589197 = {
			isa = PBXGroup;
			children = (
				E96BB9002B98A95F00589197 /* Track Duplicate Deleter */,
				E96BB8FF2B98A95F00589197 /* Products */,
			);
			sourceTree = "<group>";
		};
		E96BB8FF2B98A95F00589197 /* Products */ = {
			isa = PBXGroup;
			children = (
				E96BB8FE2B98A95F00589197 /* Track Duplicate Deleter.app */,
			);
			name = Products;
			sourceTree = "<group>";
		};
		E96BB9002B98A95F00589197 /* Track Duplicate Deleter */ = {
			isa = PBXGroup;
			children = (
				E96BB9162B98AB1400589197 /* Models */,
				E96BB9012B98A95F00589197 /* Track_Duplicate_DeleterApp.swift */,
				E96BB9032B98A95F00589197 /* ContentView.swift */,
				E96BB9052B98A95F00589197 /* Item.swift */,
				E96BB9072B98A95F00589197 /* Assets.xcassets */,
				E96BB90C2B98A95F00589197 /* Track_Duplicate_Deleter.entitlements */,
				E96BB9092B98A95F00589197 /* Preview Content */,
				E96BB9142B98AA9500589197 /* Constants.swift */,
			);
			path = "Track Duplicate Deleter";
			sourceTree = "<group>";
		};
		E96BB9092B98A95F00589197 /* Preview Content */ = {
			isa = PBXGroup;
			children = (
				E96BB90A2B98A95F00589197 /* Preview Assets.xcassets */,
			);
			path = "Preview Content";
			sourceTree = "<group>";
		};
		E96BB9162B98AB1400589197 /* Models */ = {
			isa = PBXGroup;
			children = (
				E96BB9122B98AA6B00589197 /* SongMetadata.swift */,
			);
			path = Models;
			sourceTree = "<group>";
		};
/* End PBXGroup section */

/* Begin PBXNativeTarget section */
		E96BB8FD2B98A95F00589197 /* Track Duplicate Deleter */ = {
			isa = PBXNativeTarget;
			buildConfigurationList = E96BB90F2B98A95F00589197 /* Build configuration list for PBXNativeTarget "Track Duplicate Deleter" */;
			buildPhases = (
				E96BB8FA2B98A95F00589197 /* Sources */,
				E96BB8FB2B98A95F00589197 /* Frameworks */,
				E96BB8FC2B98A95F00589197 /* Resources */,
			);
			buildRules = (
			);
			dependencies = (
			);
			name = "Track Duplicate Deleter";
			productName = "Track Duplicate Deleter";
			productReference = E96BB8FE2B98A95F00589197 /* Track Duplicate Deleter.app */;
			productType = "com.apple.product-type.application";
		};
/* End PBXNativeTarget section */

/* Begin PBXProject section */
		E96BB8F62B98A95E00589197 /* Project object */ = {
			isa = PBXProject;
			attributes = {
				BuildIndependentTargetsInParallel = 1;
				LastSwiftUpdateCheck = 1520;
				LastUpgradeCheck = 1520;
				TargetAttributes = {
					E96BB8FD2B98A95F00589197 = {
						CreatedOnToolsVersion = 15.2;
					};
				};
			};
			buildConfigurationList = E96BB8F92B98A95E00589197 /* Build configuration list for PBXProject "Track Duplicate Deleter" */;
			compatibilityVersion = "Xcode 14.0";
			developmentRegion = en;
			hasScannedForEncodings = 0;
			knownRegions = (
				en,
				Base,
			);
			mainGroup = E96BB8F52B98A95E00589197;
			productRefGroup = E96BB8FF2B98A95F00589197 /* Products */;
			projectDirPath = "";
			projectRoot = "";
			targets = (
				E96BB8FD2B98A95F00589197 /* Track Duplicate Deleter */,
			);
		};
/* End PBXProject section */

/* Begin PBXResourcesBuildPhase section */
		E96BB8FC2B98A95F00589197 /* Resources */ = {
			isa = PBXResourcesBuildPhase;
			buildActionMask = 2147483647;
			files = (
				E96BB90B2B98A95F00589197 /* Preview Assets.xcassets in Resources */,
				E96BB9082B98A95F00589197 /* Assets.xcassets in Resources */,
			);
			runOnlyForDeploymentPostprocessing = 0;
		};
/* End PBXResourcesBuildPhase section */

/* Begin PBXSourcesBuildPhase section */
		E96BB8FA2B98A95F00589197 /* Sources */ = {
			isa = PBXSourcesBuildPhase;
			buildActionMask = 2147483647;
			files = (
				E96BB9152B98AA9500589197 /* Constants.swift in Sources */,
				E96BB9042B98A95F00589197 /* ContentView.swift in Sources */,
				E96BB9132B98AA6B00589197 /* SongMetadata.swift in Sources */,
				E96BB9062B98A95F00589197 /* Item.swift in Sources */,
				E96BB9022B98A95F00589197 /* Track_Duplicate_DeleterApp.swift in Sources */,
			);
			runOnlyForDeploymentPostprocessing = 0;
		};
/* End PBXSourcesBuildPhase section */

/* Begin XCBuildConfiguration section */
		E96BB90D2B98A95F00589197 /* Debug */ = {
			isa = XCBuildConfiguration;
			buildSettings = {
				ALWAYS_SEARCH_USER_PATHS = NO;
				ASSETCATALOG_COMPILER_GENERATE_SWIFT_ASSET_SYMBOL_EXTENSIONS = YES;
				CLANG_ANALYZER_NONNULL = YES;
				CLANG_ANALYZER_NUMBER_OBJECT_CONVERSION = YES_AGGRESSIVE;
				CLANG_CXX_LANGUAGE_STANDARD = "gnu++20";
				CLANG_ENABLE_MODULES = YES;
				CLANG_ENABLE_OBJC_ARC = YES;
				CLANG_ENABLE_OBJC_WEAK = YES;
				CLANG_WARN_BLOCK_CAPTURE_AUTORELEASING = YES;
				CLANG_WARN_BOOL_CONVERSION = YES;
				CLANG_WARN_COMMA = YES;
				CLANG_WARN_CONSTANT_CONVERSION = YES;
				CLANG_WARN_DEPRECATED_OBJC_IMPLEMENTATIONS = YES;
				CLANG_WARN_DIRECT_OBJC_ISA_USAGE = YES_ERROR;
				CLANG_WARN_DOCUMENTATION_COMMENTS = YES;
				CLANG_WARN_EMPTY_BODY = YES;
				CLANG_WARN_ENUM_CONVERSION = YES;
				CLANG_WARN_INFINITE_RECURSION = YES;
				CLANG_WARN_INT_CONVERSION = YES;
				CLANG_WARN_NON_LITERAL_NULL_CONVERSION = YES;
				CLANG_WARN_OBJC_IMPLICIT_RETAIN_SELF = YES;
				CLANG_WARN_OBJC_LITERAL_CONVERSION = YES;
				CLANG_WARN_OBJC_ROOT_CLASS = YES_ERROR;
				CLANG_WARN_QUOTED_INCLUDE_IN_FRAMEWORK_HEADER = YES;
				CLANG_WARN_RANGE_LOOP_ANALYSIS = YES;
				CLANG_WARN_STRICT_PROTOTYPES = YES;
				CLANG_WARN_SUSPICIOUS_MOVE = YES;
				CLANG_WARN_UNGUARDED_AVAILABILITY = YES_AGGRESSIVE;
				CLANG_WARN_UNREACHABLE_CODE = YES;
				CLANG_WARN__DUPLICATE_METHOD_MATCH = YES;
				COPY_PHASE_STRIP = NO;
				DEBUG_INFORMATION_FORMAT = dwarf;
				ENABLE_STRICT_OBJC_MSGSEND = YES;
				ENABLE_TESTABILITY = YES;
				ENABLE_USER_SCRIPT_SANDBOXING = YES;
				GCC_C_LANGUAGE_STANDARD = gnu17;
				GCC_DYNAMIC_NO_PIC = NO;
				GCC_NO_COMMON_BLOCKS = YES;
				GCC_OPTIMIZATION_LEVEL = 0;
				GCC_PREPROCESSOR_DEFINITIONS = (
					"DEBUG=1",
					"$(inherited)",
				);
				GCC_WARN_64_TO_32_BIT_CONVERSION = YES;
				GCC_WARN_ABOUT_RETURN_TYPE = YES_ERROR;
				GCC_WARN_UNDECLARED_SELECTOR = YES;
				GCC_WARN_UNINITIALIZED_AUTOS = YES_AGGRESSIVE;
				GCC_WARN_UNUSED_FUNCTION = YES;
				GCC_WARN_UNUSED_VARIABLE = YES;
				LOCALIZATION_PREFERS_STRING_CATALOGS = YES;
				MACOSX_DEPLOYMENT_TARGET = 14.2;
				MTL_ENABLE_DEBUG_INFO = INCLUDE_SOURCE;
				MTL_FAST_MATH = YES;
				ONLY_ACTIVE_ARCH = YES;
				SDKROOT = macosx;
				SWIFT_ACTIVE_COMPILATION_CONDITIONS = "DEBUG $(inherited)";
				SWIFT_OPTIMIZATION_LEVEL = "-Onone";
			};
			name = Debug;
		};
		E96BB90E2B98A95F00589197 /* Release */ = {
			isa = XCBuildConfiguration;
			buildSettings = {
				ALWAYS_SEARCH_USER_PATHS = NO;
				ASSETCATALOG_COMPILER_GENERATE_SWIFT_ASSET_SYMBOL_EXTENSIONS = YES;
				CLANG_ANALYZER_NONNULL = YES;
				CLANG_ANALYZER_NUMBER_OBJECT_CONVERSION = YES_AGGRESSIVE;
				CLANG_CXX_LANGUAGE_STANDARD = "gnu++20";
				CLANG_ENABLE_MODULES = YES;
				CLANG_ENABLE_OBJC_ARC = YES;
				CLANG_ENABLE_OBJC_WEAK = YES;
				CLANG_WARN_BLOCK_CAPTURE_AUTORELEASING = YES;
				CLANG_WARN_BOOL_CONVERSION = YES;
				CLANG_WARN_COMMA = YES;
				CLANG_WARN_CONSTANT_CONVERSION = YES;
				CLANG_WARN_DEPRECATED_OBJC_IMPLEMENTATIONS = YES;
				CLANG_WARN_DIRECT_OBJC_ISA_USAGE = YES_ERROR;
				CLANG_WARN_DOCUMENTATION_COMMENTS = YES;
				CLANG_WARN_EMPTY_BODY = YES;
				CLANG_WARN_ENUM_CONVERSION = YES;
				CLANG_WARN_INFINITE_RECURSION = YES;
				CLANG_WARN_INT_CONVERSION = YES;
				CLANG_WARN_NON_LITERAL_NULL_CONVERSION = YES;
				CLANG_WARN_OBJC_IMPLICIT_RETAIN_SELF = YES;
				CLANG_WARN_OBJC_LITERAL_CONVERSION = YES;
				CLANG_WARN_OBJC_ROOT_CLASS = YES_ERROR;
				CLANG_WARN_QUOTED_INCLUDE_IN_FRAMEWORK_HEADER = YES;
				CLANG_WARN_RANGE_LOOP_ANALYSIS = YES;
				CLANG_WARN_STRICT_PROTOTYPES = YES;
				CLANG_WARN_SUSPICIOUS_MOVE = YES;
				CLANG_WARN_UNGUARDED_AVAILABILITY = YES_AGGRESSIVE;
				CLANG_WARN_UNREACHABLE_CODE = YES;
				CLANG_WARN__DUPLICATE_METHOD_MATCH = YES;
				COPY_PHASE_STRIP = NO;
				DEBUG_INFORMATION_FORMAT = "dwarf-with-dsym";
				ENABLE_NS_ASSERTIONS = NO;
				ENABLE_STRICT_OBJC_MSGSEND = YES;
				ENABLE_USER_SCRIPT_SANDBOXING = YES;
				GCC_C_LANGUAGE_STANDARD = gnu17;
				GCC_NO_COMMON_BLOCKS = YES;
				GCC_WARN_64_TO_32_BIT_CONVERSION = YES;
				GCC_WARN_ABOUT_RETURN_TYPE = YES_ERROR;
				GCC_WARN_UNDECLARED_SELECTOR = YES;
				GCC_WARN_UNINITIALIZED_AUTOS = YES_AGGRESSIVE;
				GCC_WARN_UNUSED_FUNCTION = YES;
				GCC_WARN_UNUSED_VARIABLE = YES;
				LOCALIZATION_PREFERS_STRING_CATALOGS = YES;
				MACOSX_DEPLOYMENT_TARGET = 14.2;
				MTL_ENABLE_DEBUG_INFO = NO;
				MTL_FAST_MATH = YES;
				SDKROOT = macosx;
				SWIFT_COMPILATION_MODE = wholemodule;
			};
			name = Release;
		};
		E96BB9102B98A95F00589197 /* Debug */ = {
			isa = XCBuildConfiguration;
			buildSettings = {
				ASSETCATALOG_COMPILER_APPICON_NAME = AppIcon;
				ASSETCATALOG_COMPILER_GLOBAL_ACCENT_COLOR_NAME = AccentColor;
				CODE_SIGN_ENTITLEMENTS = "Track Duplicate Deleter/Track_Duplicate_Deleter.entitlements";
				CODE_SIGN_STYLE = Automatic;
				COMBINE_HIDPI_IMAGES = YES;
				CURRENT_PROJECT_VERSION = 1;
				DEVELOPMENT_ASSET_PATHS = "\"Track Duplicate Deleter/Preview Content\"";
				DEVELOPMENT_TEAM = QQB33452MG;
				ENABLE_HARDENED_RUNTIME = YES;
				ENABLE_PREVIEWS = YES;
				GENERATE_INFOPLIST_FILE = YES;
				INFOPLIST_KEY_NSHumanReadableCopyright = "";
				LD_RUNPATH_SEARCH_PATHS = (
					"$(inherited)",
					"@executable_path/../Frameworks",
				);
				MACOSX_DEPLOYMENT_TARGET = 14.0;
				MARKETING_VERSION = 1.0;
				PRODUCT_BUNDLE_IDENTIFIER = "com.lomaco.Track-Duplicate-Deleter";
				PRODUCT_NAME = "$(TARGET_NAME)";
				SWIFT_EMIT_LOC_STRINGS = YES;
				SWIFT_VERSION = 5.0;
			};
			name = Debug;
		};
		E96BB9112B98A95F00589197 /* Release */ = {
			isa = XCBuildConfiguration;
			buildSettings = {
				ASSETCATALOG_COMPILER_APPICON_NAME = AppIcon;
				ASSETCATALOG_COMPILER_GLOBAL_ACCENT_COLOR_NAME = AccentColor;
				CODE_SIGN_ENTITLEMENTS = "Track Duplicate Deleter/Track_Duplicate_Deleter.entitlements";
				CODE_SIGN_STYLE = Automatic;
				COMBINE_HIDPI_IMAGES = YES;
				CURRENT_PROJECT_VERSION = 1;
				DEVELOPMENT_ASSET_PATHS = "\"Track Duplicate Deleter/Preview Content\"";
				DEVELOPMENT_TEAM = QQB33452MG;
				ENABLE_HARDENED_RUNTIME = YES;
				ENABLE_PREVIEWS = YES;
				GENERATE_INFOPLIST_FILE = YES;
				INFOPLIST_KEY_NSHumanReadableCopyright = "";
				LD_RUNPATH_SEARCH_PATHS = (
					"$(inherited)",
					"@executable_path/../Frameworks",
				);
				MACOSX_DEPLOYMENT_TARGET = 14.0;
				MARKETING_VERSION = 1.0;
				PRODUCT_BUNDLE_IDENTIFIER = "com.lomaco.Track-Duplicate-Deleter";
				PRODUCT_NAME = "$(TARGET_NAME)";
				SWIFT_EMIT_LOC_STRINGS = YES;
				SWIFT_VERSION = 5.0;
			};
			name = Release;
		};
/* End XCBuildConfiguration section */

/* Begin XCConfigurationList section */
		E96BB8F92B98A95E00589197 /* Build configuration list for PBXProject "Track Duplicate Deleter" */ = {
			isa = XCConfigurationList;
			buildConfigurations = (
				E96BB90D2B98A95F00589197 /* Debug */,
				E96BB90E2B98A95F00589197 /* Release */,
			);
			defaultConfigurationIsVisible = 0;
			defaultConfigurationName = Release;
		};
		E96BB90F2B98A95F00589197 /* Build configuration list for PBXNativeTarget "Track Duplicate Deleter" */ = {
			isa = XCConfigurationList;
			buildConfigurations = (
				E96BB9102B98A95F00589197 /* Debug */,
				E96BB9112B98A95F00589197 /* Release */,
			);
			defaultConfigurationIsVisible = 0;
			defaultConfigurationName = Release;
		};
/* End XCConfigurationList section */
	};
	rootObject = E96BB8F62B98A95E00589197 /* Project object */;
}
